
Microsoft Visual Studio Solution File, Format Version 12.00
# Visual Studio Version 16
VisualStudioVersion = 16.0.30225.117
MinimumVisualStudioVersion = 10.0.40219.1
Project("{FAE04EC0-301F-11D3-BF4B-00C04F79EFBC}") = "PasteHere", "PasteHere\PasteHere.csproj", "{BC369046-8A9E-4BC6-A1E0-67FB8825FE4D}"
EndProject
Global
	GlobalSection(SolutionConfigurationPlatforms) = preSolution
		Debug|Any CPU = Debug|Any CPU
		Release|Any CPU = Release|Any CPU
	EndGlobalSection
	GlobalSection(ProjectConfigurationPlatforms) = postSolution
		{BC369046-8A9E-4BC6-A1E0-67FB8825FE4D}.Debug|Any CPU.ActiveCfg = Debug|Any CPU
		{BC369046-8A9E-4BC6-A1E0-67FB8825FE4D}.Debug|Any CPU.Build.0 = Debug|Any CPU
		{BC369046-8A9E-4BC6-A1E0-67FB8825FE4D}.Release|Any CPU.ActiveCfg = Release|Any CPU
		{BC369046-8A9E-4BC6-A1E0-67FB8825FE4D}.Release|Any CPU.Build.0 = Release|Any CPU
	EndGlobalSection
	GlobalSection(SolutionProperties) = preSolution
		HideSolutionNode = FALSE
	EndGlobalSection
	GlobalSection(ExtensibilityGlobals) = postSolution
		SolutionGuid = {AECE63EA-1E0A-4504-ADDB-87EAD13E5CCE}
	EndGlobalSection
EndGlobal
